
Microsoft Visual Studio Solution File, Format Version 12.00
# Visual Studio Version 17
VisualStudioVersion = 17.1.32421.90
MinimumVisualStudioVersion = 10.0.40219.1
Project("{FAE04EC0-301F-11D3-BF4B-00C04F79EFBC}") = "S22_DSDP_Assignment2", "S22_DSDP_Assignment2.csproj", "{02AD8D81-DA6C-4523-9415-B6FBEF48CA60}"
EndProject
Global
	GlobalSection(SolutionConfigurationPlatforms) = preSolution
		Debug|Any CPU = Debug|Any CPU
		Release|Any CPU = Release|Any CPU
	EndGlobalSection
	GlobalSection(ProjectConfigurationPlatforms) = postSolution
		{02AD8D81-DA6C-4523-9415-B6FBEF48CA60}.Debug|Any CPU.ActiveCfg = Debug|Any CPU
		{02AD8D81-DA6C-4523-9415-B6FBEF48CA60}.Debug|Any CPU.Build.0 = Debug|Any CPU
		{02AD8D81-DA6C-4523-9415-B6FBEF48CA60}.Release|Any CPU.ActiveCfg = Release|Any CPU
		{02AD8D81-DA6C-4523-9415-B6FBEF48CA60}.Release|Any CPU.Build.0 = Release|Any CPU
	EndGlobalSection
	GlobalSection(SolutionProperties) = preSolution
		HideSolutionNode = FALSE
	EndGlobalSection
	GlobalSection(ExtensibilityGlobals) = postSolution
		SolutionGuid = {8F9D5E40-255A-4013-96E4-4297537F7AFB}
	EndGlobalSection
EndGlobal
